{
  "requires": true,
  "lockfileVersion": 1,
  "dependencies": {
    "@angular/http": {
      "version": "7.2.14",
      "resolved": "https://registry.npmjs.org/@angular/http/-/http-7.2.14.tgz",
      "integrity": "sha512-rSdH2JojApDU83qVm7RabIlNo3Ni3yr2gwsmQWs4XZ7SC8jLNnDkzdUbQ6T0vfuVX3v/FtAuMJl0yaVcG3EUJg==",
      "requires": {
        "tslib": "^1.9.0"
      },
      "dependencies": {
        "tslib": {
          "version": "1.9.3",
          "resolved": "https://registry.npmjs.org/tslib/-/tslib-1.9.3.tgz",
          "integrity": "sha512-4krF8scpejhaOgqzBEcGM7yDIEfi0/8+8zDRZhNZZ2kjmHJ4hv3zCbQWxoJGz1iw5U0Jl0nma13xzHXcncMavQ=="
        }
      }
    },
    "font-awesome": {
      "version": "4.7.0",
      "resolved": "https://registry.npmjs.org/font-awesome/-/font-awesome-4.7.0.tgz",
      "integrity": "sha1-j6jPBBGhoxr9B7BtKQK7n8gVoTM="
    },
    "rxjs-compat": {
      "version": "6.5.1",
      "resolved": "https://registry.npmjs.org/rxjs-compat/-/rxjs-compat-6.5.1.tgz",
      "integrity": "sha512-k0aaMAYFg+DCIUxo3yJcUamFRenWLR23e/VJCQvKOxwSd9DQlwcSn2ov+7b23rKaX4weKG7OrzEBWGqQPkQ07A=="
    }
  }
}
